
Microsoft Visual Studio Solution File, Format Version 12.00
# Visual Studio Version 16
VisualStudioVersion = 16.0.29709.97
MinimumVisualStudioVersion = 10.0.40219.1
Project("{FAE04EC0-301F-11D3-BF4B-00C04F79EFBC}") = "TESTELINK", "TESTELINK\TESTELINK.csproj", "{CBD0E3BA-3650-4FF7-A03B-42992EC619B9}"
EndProject
Global
	GlobalSection(SolutionConfigurationPlatforms) = preSolution
		Debug|Any CPU = Debug|Any CPU
		Release|Any CPU = Release|Any CPU
	EndGlobalSection
	GlobalSection(ProjectConfigurationPlatforms) = postSolution
		{CBD0E3BA-3650-4FF7-A03B-42992EC619B9}.Debug|Any CPU.ActiveCfg = Debug|Any CPU
		{CBD0E3BA-3650-4FF7-A03B-42992EC619B9}.Debug|Any CPU.Build.0 = Debug|Any CPU
		{CBD0E3BA-3650-4FF7-A03B-42992EC619B9}.Release|Any CPU.ActiveCfg = Release|Any CPU
		{CBD0E3BA-3650-4FF7-A03B-42992EC619B9}.Release|Any CPU.Build.0 = Release|Any CPU
	EndGlobalSection
	GlobalSection(SolutionProperties) = preSolution
		HideSolutionNode = FALSE
	EndGlobalSection
	GlobalSection(ExtensibilityGlobals) = postSolution
		SolutionGuid = {644EDA94-F1AA-4BEE-9F6B-AF45EAF2B9D1}
	EndGlobalSection
EndGlobal
